{
  "requires": true,
  "lockfileVersion": 1,
  "dependencies": {
    "ngx-toggle-switch": {
      "version": "2.0.5",
      "resolved": "https://registry.npmjs.org/ngx-toggle-switch/-/ngx-toggle-switch-2.0.5.tgz",
      "integrity": "sha512-2hrVr8S7JLdrg8XeaI/0GHGocRCDZCQ6u+GFjyhqMzCyTF8aOu3gzs0/tVPjME/xlG1lelnNKeTSdSg/dVleUA=="
    }
  }
}
